
Microsoft Visual Studio Solution File, Format Version 12.00
# Visual Studio Version 17
VisualStudioVersion = 17.2.32630.192
MinimumVisualStudioVersion = 10.0.40219.1
Project("{FAE04EC0-301F-11D3-BF4B-00C04F79EFBC}") = "MinimalAPI", "MinimalAPI.csproj", "{2A20F7AC-5F4C-41CB-B98E-C1B322821667}"
EndProject
Global
	GlobalSection(SolutionConfigurationPlatforms) = preSolution
		Debug|Any CPU = Debug|Any CPU
		Release|Any CPU = Release|Any CPU
	EndGlobalSection
	GlobalSection(ProjectConfigurationPlatforms) = postSolution
		{2A20F7AC-5F4C-41CB-B98E-C1B322821667}.Debug|Any CPU.ActiveCfg = Debug|Any CPU
		{2A20F7AC-5F4C-41CB-B98E-C1B322821667}.Debug|Any CPU.Build.0 = Debug|Any CPU
		{2A20F7AC-5F4C-41CB-B98E-C1B322821667}.Release|Any CPU.ActiveCfg = Release|Any CPU
		{2A20F7AC-5F4C-41CB-B98E-C1B322821667}.Release|Any CPU.Build.0 = Release|Any CPU
	EndGlobalSection
	GlobalSection(SolutionProperties) = preSolution
		HideSolutionNode = FALSE
	EndGlobalSection
	GlobalSection(ExtensibilityGlobals) = postSolution
		SolutionGuid = {0F441F6F-4F3D-48A9-9E71-692E8636AFD7}
	EndGlobalSection
EndGlobal
